
Microsoft Visual Studio Solution File, Format Version 12.00
# Visual Studio 15
VisualStudioVersion = 15.0.26124.0
MinimumVisualStudioVersion = 15.0.26124.0
Project("{2150E333-8FDC-42A3-9474-1A3956D46DE8}") = "src", "src", "{63AD508C-8987-4808-A677-01CFD4C014B4}"
EndProject
Project("{F2A71F9B-5D33-465A-A702-920D77279786}") = "clockit", "src\server\clockit.fsproj", "{98F7B1DD-08FD-47D6-BDB5-DCC8F96E107A}"
EndProject
Global
	GlobalSection(SolutionConfigurationPlatforms) = preSolution
		Debug|Any CPU = Debug|Any CPU
		Debug|x64 = Debug|x64
		Debug|x86 = Debug|x86
		Release|Any CPU = Release|Any CPU
		Release|x64 = Release|x64
		Release|x86 = Release|x86
	EndGlobalSection
	GlobalSection(SolutionProperties) = preSolution
		HideSolutionNode = FALSE
	EndGlobalSection
	GlobalSection(ProjectConfigurationPlatforms) = postSolution
		{98F7B1DD-08FD-47D6-BDB5-DCC8F96E107A}.Debug|Any CPU.ActiveCfg = Debug|Any CPU
		{98F7B1DD-08FD-47D6-BDB5-DCC8F96E107A}.Debug|Any CPU.Build.0 = Debug|Any CPU
		{98F7B1DD-08FD-47D6-BDB5-DCC8F96E107A}.Debug|x64.ActiveCfg = Debug|x64
		{98F7B1DD-08FD-47D6-BDB5-DCC8F96E107A}.Debug|x64.Build.0 = Debug|x64
		{98F7B1DD-08FD-47D6-BDB5-DCC8F96E107A}.Debug|x86.ActiveCfg = Debug|x86
		{98F7B1DD-08FD-47D6-BDB5-DCC8F96E107A}.Debug|x86.Build.0 = Debug|x86
		{98F7B1DD-08FD-47D6-BDB5-DCC8F96E107A}.Release|Any CPU.ActiveCfg = Release|Any CPU
		{98F7B1DD-08FD-47D6-BDB5-DCC8F96E107A}.Release|Any CPU.Build.0 = Release|Any CPU
		{98F7B1DD-08FD-47D6-BDB5-DCC8F96E107A}.Release|x64.ActiveCfg = Release|x64
		{98F7B1DD-08FD-47D6-BDB5-DCC8F96E107A}.Release|x64.Build.0 = Release|x64
		{98F7B1DD-08FD-47D6-BDB5-DCC8F96E107A}.Release|x86.ActiveCfg = Release|x86
		{98F7B1DD-08FD-47D6-BDB5-DCC8F96E107A}.Release|x86.Build.0 = Release|x86
	EndGlobalSection
	GlobalSection(NestedProjects) = preSolution
		{98F7B1DD-08FD-47D6-BDB5-DCC8F96E107A} = {63AD508C-8987-4808-A677-01CFD4C014B4}
	EndGlobalSection
EndGlobal
